dependencies:
- name: mongodb
  repository: https://kubernetes-charts.storage.googleapis.com
  version: 1.0.2
- name: elasticsearch
  repository: https://kubernetes-charts-incubator.storage.googleapis.com
  version: 0.4.9
digest: sha256:28faa1d632e074cf23fa7258123fd316dea807dd4d1626140759262b6dc25242
generated: 2018-04-13T13:58:46.536759215+02:00
